
Microsoft Visual Studio Solution File, Format Version 12.00
# Visual Studio Version 17
VisualStudioVersion = 17.7.34031.279
MinimumVisualStudioVersion = 10.0.40219.1
Project("{FAE04EC0-301F-11D3-BF4B-00C04F79EFBC}") = "FirstWPF", "FirstWPF\FirstWPF.csproj", "{4A225B57-90EB-4004-896D-EE430603CC0E}"
EndProject
Global
	GlobalSection(SolutionConfigurationPlatforms) = preSolution
		Debug|Any CPU = Debug|Any CPU
		Release|Any CPU = Release|Any CPU
	EndGlobalSection
	GlobalSection(ProjectConfigurationPlatforms) = postSolution
		{4A225B57-90EB-4004-896D-EE430603CC0E}.Debug|Any CPU.ActiveCfg = Debug|Any CPU
		{4A225B57-90EB-4004-896D-EE430603CC0E}.Debug|Any CPU.Build.0 = Debug|Any CPU
		{4A225B57-90EB-4004-896D-EE430603CC0E}.Release|Any CPU.ActiveCfg = Release|Any CPU
		{4A225B57-90EB-4004-896D-EE430603CC0E}.Release|Any CPU.Build.0 = Release|Any CPU
	EndGlobalSection
	GlobalSection(SolutionProperties) = preSolution
		HideSolutionNode = FALSE
	EndGlobalSection
	GlobalSection(ExtensibilityGlobals) = postSolution
		SolutionGuid = {C8CA8439-3B38-4266-B3D2-388E66EB5907}
	EndGlobalSection
EndGlobal
